
Microsoft Visual Studio Solution File, Format Version 12.00
# Visual Studio Version 17
VisualStudioVersion = 17.0.32126.317
MinimumVisualStudioVersion = 10.0.40219.1
Project("{FAE04EC0-301F-11D3-BF4B-00C04F79EFBC}") = "8x8x8-LED.WinForm", "8x8x8-LED.WinForm\8x8x8-LED.WinForm.csproj", "{99BC6299-DC9C-4D8D-A66C-7120C18DE4BB}"
EndProject
Project("{9A19103F-16F7-4668-BE54-9A1E7A4F7556}") = "8x8x8-LED.Core", "8x8x8-LED.Core\8x8x8-LED.Core.csproj", "{C3E6FC96-FC3A-4679-BEF9-01C9F279A4A9}"
EndProject
Global
	GlobalSection(SolutionConfigurationPlatforms) = preSolution
		Debug|Any CPU = Debug|Any CPU
		Release|Any CPU = Release|Any CPU
	EndGlobalSection
	GlobalSection(ProjectConfigurationPlatforms) = postSolution
		{99BC6299-DC9C-4D8D-A66C-7120C18DE4BB}.Debug|Any CPU.ActiveCfg = Debug|Any CPU
		{99BC6299-DC9C-4D8D-A66C-7120C18DE4BB}.Debug|Any CPU.Build.0 = Debug|Any CPU
		{99BC6299-DC9C-4D8D-A66C-7120C18DE4BB}.Release|Any CPU.ActiveCfg = Release|Any CPU
		{99BC6299-DC9C-4D8D-A66C-7120C18DE4BB}.Release|Any CPU.Build.0 = Release|Any CPU
		{C3E6FC96-FC3A-4679-BEF9-01C9F279A4A9}.Debug|Any CPU.ActiveCfg = Debug|Any CPU
		{C3E6FC96-FC3A-4679-BEF9-01C9F279A4A9}.Debug|Any CPU.Build.0 = Debug|Any CPU
		{C3E6FC96-FC3A-4679-BEF9-01C9F279A4A9}.Release|Any CPU.ActiveCfg = Release|Any CPU
		{C3E6FC96-FC3A-4679-BEF9-01C9F279A4A9}.Release|Any CPU.Build.0 = Release|Any CPU
	EndGlobalSection
	GlobalSection(SolutionProperties) = preSolution
		HideSolutionNode = FALSE
	EndGlobalSection
	GlobalSection(ExtensibilityGlobals) = postSolution
		SolutionGuid = {B158E84A-4740-4B03-AA4C-CA386AB329ED}
	EndGlobalSection
EndGlobal
